
Microsoft Visual Studio Solution File, Format Version 12.00
# Visual Studio 15
VisualStudioVersion = 15.0.26730.12
MinimumVisualStudioVersion = 10.0.40219.1
Project("{FAE04EC0-301F-11D3-BF4B-00C04F79EFBC}") = "FriendlyBaseTest", "FriendlyBaseTest\FriendlyBaseTest.csproj", "{186788AB-5A98-44B2-8C0C-A65A0114F6B2}"
EndProject
Project("{FAE04EC0-301F-11D3-BF4B-00C04F79EFBC}") = "FriendlyBaseTargetx64N20", "FriendlyBaseTargetx64N20\FriendlyBaseTargetx64N20.csproj", "{275A9459-E8AC-4A7F-90D1-327E13A4B0EB}"
EndProject
Project("{FAE04EC0-301F-11D3-BF4B-00C04F79EFBC}") = "FriendlyBaseTargetx86N20", "FriendlyBaseTargetx86N20\FriendlyBaseTargetx86N20.csproj", "{283BA955-0E5A-4FC1-8F28-0DFA52BA6F20}"
EndProject
Project("{FAE04EC0-301F-11D3-BF4B-00C04F79EFBC}") = "FriendlyBaseTargetNet20", "FriendlyBaseTargetNet20\FriendlyBaseTargetNet20.csproj", "{FDA9E07F-15A7-4E78-8744-F278D142065C}"
EndProject
Project("{FAE04EC0-301F-11D3-BF4B-00C04F79EFBC}") = "ExpandTestTarget", "ExpandTestTarget\ExpandTestTarget.csproj", "{AB4CA831-C76D-4CA2-8DBB-4B3511FDCD13}"
EndProject
Project("{8BC9CEB8-8B4A-11D0-8D11-00A0C91BC942}") = "ExpandTestTargetNative", "ExpandTestTargetNative\ExpandTestTargetNative.vcxproj", "{5C317152-924D-4310-9B93-5F4242E50633}"
EndProject
Project("{8BC9CEB8-8B4A-11D0-8D11-00A0C91BC942}") = "MfcTestTarget", "MfcTestTarget\MfcTestTarget.vcxproj", "{2AD01465-855C-4A0D-9828-665986D6782D}"
EndProject
Project("{FAE04EC0-301F-11D3-BF4B-00C04F79EFBC}") = "WpfTestTargetx86N40", "WpfTestTargetx86N40\WpfTestTargetx86N40.csproj", "{F679174C-D0AB-46BA-9758-7D877D197017}"
EndProject
Project("{FAE04EC0-301F-11D3-BF4B-00C04F79EFBC}") = "WpfTestTargetx64N40", "WpfTestTargetx64N40\WpfTestTargetx64N40.csproj", "{A89A4932-5BCD-4CFD-9C10-63CB836F1155}"
EndProject
Project("{FAE04EC0-301F-11D3-BF4B-00C04F79EFBC}") = "Test3.5", "Test3.5\Test3.5.csproj", "{0D2D153F-FDD2-4EA5-B718-93942304BCF6}"
EndProject
Global
	GlobalSection(SolutionConfigurationPlatforms) = preSolution
		Debug|Any CPU = Debug|Any CPU
		Debug|Mixed Platforms = Debug|Mixed Platforms
		Debug|Win32 = Debug|Win32
		Debug|x86 = Debug|x86
		Release|Any CPU = Release|Any CPU
		Release|Mixed Platforms = Release|Mixed Platforms
		Release|Win32 = Release|Win32
		Release|x86 = Release|x86
	EndGlobalSection
	GlobalSection(ProjectConfigurationPlatforms) = postSolution
		{186788AB-5A98-44B2-8C0C-A65A0114F6B2}.Debug|Any CPU.ActiveCfg = Debug|Any CPU
		{186788AB-5A98-44B2-8C0C-A65A0114F6B2}.Debug|Any CPU.Build.0 = Debug|Any CPU
		{186788AB-5A98-44B2-8C0C-A65A0114F6B2}.Debug|Mixed Platforms.ActiveCfg = Debug|Any CPU
		{186788AB-5A98-44B2-8C0C-A65A0114F6B2}.Debug|Mixed Platforms.Build.0 = Debug|Any CPU
		{186788AB-5A98-44B2-8C0C-A65A0114F6B2}.Debug|Win32.ActiveCfg = Debug|Any CPU
		{186788AB-5A98-44B2-8C0C-A65A0114F6B2}.Debug|x86.ActiveCfg = Debug|Any CPU
		{186788AB-5A98-44B2-8C0C-A65A0114F6B2}.Release|Any CPU.ActiveCfg = Release|Any CPU
		{186788AB-5A98-44B2-8C0C-A65A0114F6B2}.Release|Any CPU.Build.0 = Release|Any CPU
		{186788AB-5A98-44B2-8C0C-A65A0114F6B2}.Release|Mixed Platforms.ActiveCfg = Release|Any CPU
		{186788AB-5A98-44B2-8C0C-A65A0114F6B2}.Release|Mixed Platforms.Build.0 = Release|Any CPU
		{186788AB-5A98-44B2-8C0C-A65A0114F6B2}.Release|Win32.ActiveCfg = Release|Any CPU
		{186788AB-5A98-44B2-8C0C-A65A0114F6B2}.Release|x86.ActiveCfg = Release|Any CPU
		{275A9459-E8AC-4A7F-90D1-327E13A4B0EB}.Debug|Any CPU.ActiveCfg = Debug|x86
		{275A9459-E8AC-4A7F-90D1-327E13A4B0EB}.Debug|Mixed Platforms.ActiveCfg = Debug|x86
		{275A9459-E8AC-4A7F-90D1-327E13A4B0EB}.Debug|Mixed Platforms.Build.0 = Debug|x86
		{275A9459-E8AC-4A7F-90D1-327E13A4B0EB}.Debug|Win32.ActiveCfg = Debug|x86
		{275A9459-E8AC-4A7F-90D1-327E13A4B0EB}.Debug|x86.ActiveCfg = Debug|x86
		{275A9459-E8AC-4A7F-90D1-327E13A4B0EB}.Debug|x86.Build.0 = Debug|x86
		{275A9459-E8AC-4A7F-90D1-327E13A4B0EB}.Release|Any CPU.ActiveCfg = Release|x86
		{275A9459-E8AC-4A7F-90D1-327E13A4B0EB}.Release|Mixed Platforms.ActiveCfg = Release|x86
		{275A9459-E8AC-4A7F-90D1-327E13A4B0EB}.Release|Mixed Platforms.Build.0 = Release|x86
		{275A9459-E8AC-4A7F-90D1-327E13A4B0EB}.Release|Win32.ActiveCfg = Release|x86
		{275A9459-E8AC-4A7F-90D1-327E13A4B0EB}.Release|x86.ActiveCfg = Release|x86
		{275A9459-E8AC-4A7F-90D1-327E13A4B0EB}.Release|x86.Build.0 = Release|x86
		{283BA955-0E5A-4FC1-8F28-0DFA52BA6F20}.Debug|Any CPU.ActiveCfg = Debug|x86
		{283BA955-0E5A-4FC1-8F28-0DFA52BA6F20}.Debug|Mixed Platforms.ActiveCfg = Debug|x86
		{283BA955-0E5A-4FC1-8F28-0DFA52BA6F20}.Debug|Mixed Platforms.Build.0 = Debug|x86
		{283BA955-0E5A-4FC1-8F28-0DFA52BA6F20}.Debug|Win32.ActiveCfg = Debug|x86
		{283BA955-0E5A-4FC1-8F28-0DFA52BA6F20}.Debug|x86.ActiveCfg = Debug|x86
		{283BA955-0E5A-4FC1-8F28-0DFA52BA6F20}.Debug|x86.Build.0 = Debug|x86
		{283BA955-0E5A-4FC1-8F28-0DFA52BA6F20}.Release|Any CPU.ActiveCfg = Release|x86
		{283BA955-0E5A-4FC1-8F28-0DFA52BA6F20}.Release|Mixed Platforms.ActiveCfg = Release|x86
		{283BA955-0E5A-4FC1-8F28-0DFA52BA6F20}.Release|Mixed Platforms.Build.0 = Release|x86
		{283BA955-0E5A-4FC1-8F28-0DFA52BA6F20}.Release|Win32.ActiveCfg = Release|x86
		{283BA955-0E5A-4FC1-8F28-0DFA52BA6F20}.Release|x86.ActiveCfg = Release|x86
		{283BA955-0E5A-4FC1-8F28-0DFA52BA6F20}.Release|x86.Build.0 = Release|x86
		{FDA9E07F-15A7-4E78-8744-F278D142065C}.Debug|Any CPU.ActiveCfg = Debug|Any CPU
		{FDA9E07F-15A7-4E78-8744-F278D142065C}.Debug|Any CPU.Build.0 = Debug|Any CPU
		{FDA9E07F-15A7-4E78-8744-F278D142065C}.Debug|Mixed Platforms.ActiveCfg = Debug|Any CPU
		{FDA9E07F-15A7-4E78-8744-F278D142065C}.Debug|Mixed Platforms.Build.0 = Debug|Any CPU
		{FDA9E07F-15A7-4E78-8744-F278D142065C}.Debug|Win32.ActiveCfg = Debug|Any CPU
		{FDA9E07F-15A7-4E78-8744-F278D142065C}.Debug|x86.ActiveCfg = Debug|Any CPU
		{FDA9E07F-15A7-4E78-8744-F278D142065C}.Release|Any CPU.ActiveCfg = Release|Any CPU
		{FDA9E07F-15A7-4E78-8744-F278D142065C}.Release|Any CPU.Build.0 = Release|Any CPU
		{FDA9E07F-15A7-4E78-8744-F278D142065C}.Release|Mixed Platforms.ActiveCfg = Release|Any CPU
		{FDA9E07F-15A7-4E78-8744-F278D142065C}.Release|Mixed Platforms.Build.0 = Release|Any CPU
		{FDA9E07F-15A7-4E78-8744-F278D142065C}.Release|Win32.ActiveCfg = Release|Any CPU
		{FDA9E07F-15A7-4E78-8744-F278D142065C}.Release|x86.ActiveCfg = Release|Any CPU
		{AB4CA831-C76D-4CA2-8DBB-4B3511FDCD13}.Debug|Any CPU.ActiveCfg = Debug|Any CPU
		{AB4CA831-C76D-4CA2-8DBB-4B3511FDCD13}.Debug|Any CPU.Build.0 = Debug|Any CPU
		{AB4CA831-C76D-4CA2-8DBB-4B3511FDCD13}.Debug|Mixed Platforms.ActiveCfg = Debug|Any CPU
		{AB4CA831-C76D-4CA2-8DBB-4B3511FDCD13}.Debug|Mixed Platforms.Build.0 = Debug|Any CPU
		{AB4CA831-C76D-4CA2-8DBB-4B3511FDCD13}.Debug|Win32.ActiveCfg = Debug|Any CPU
		{AB4CA831-C76D-4CA2-8DBB-4B3511FDCD13}.Debug|x86.ActiveCfg = Debug|Any CPU
		{AB4CA831-C76D-4CA2-8DBB-4B3511FDCD13}.Release|Any CPU.ActiveCfg = Release|Any CPU
		{AB4CA831-C76D-4CA2-8DBB-4B3511FDCD13}.Release|Any CPU.Build.0 = Release|Any CPU
		{AB4CA831-C76D-4CA2-8DBB-4B3511FDCD13}.Release|Mixed Platforms.ActiveCfg = Release|Any CPU
		{AB4CA831-C76D-4CA2-8DBB-4B3511FDCD13}.Release|Mixed Platforms.Build.0 = Release|Any CPU
		{AB4CA831-C76D-4CA2-8DBB-4B3511FDCD13}.Release|Win32.ActiveCfg = Release|Any CPU
		{AB4CA831-C76D-4CA2-8DBB-4B3511FDCD13}.Release|x86.ActiveCfg = Release|Any CPU
		{5C317152-924D-4310-9B93-5F4242E50633}.Debug|Any CPU.ActiveCfg = Debug|Win32
		{5C317152-924D-4310-9B93-5F4242E50633}.Debug|Mixed Platforms.ActiveCfg = Debug|Win32
		{5C317152-924D-4310-9B93-5F4242E50633}.Debug|Mixed Platforms.Build.0 = Debug|Win32
		{5C317152-924D-4310-9B93-5F4242E50633}.Debug|Win32.ActiveCfg = Debug|Win32
		{5C317152-924D-4310-9B93-5F4242E50633}.Debug|Win32.Build.0 = Debug|Win32
		{5C317152-924D-4310-9B93-5F4242E50633}.Debug|x86.ActiveCfg = Debug|Win32
		{5C317152-924D-4310-9B93-5F4242E50633}.Release|Any CPU.ActiveCfg = Release|Win32
		{5C317152-924D-4310-9B93-5F4242E50633}.Release|Mixed Platforms.ActiveCfg = Release|Win32
		{5C317152-924D-4310-9B93-5F4242E50633}.Release|Mixed Platforms.Build.0 = Release|Win32
		{5C317152-924D-4310-9B93-5F4242E50633}.Release|Win32.ActiveCfg = Release|Win32
		{5C317152-924D-4310-9B93-5F4242E50633}.Release|Win32.Build.0 = Release|Win32
		{5C317152-924D-4310-9B93-5F4242E50633}.Release|x86.ActiveCfg = Release|Win32
		{2AD01465-855C-4A0D-9828-665986D6782D}.Debug|Any CPU.ActiveCfg = Debug|Win32
		{2AD01465-855C-4A0D-9828-665986D6782D}.Debug|Mixed Platforms.ActiveCfg = Debug|Win32
		{2AD01465-855C-4A0D-9828-665986D6782D}.Debug|Mixed Platforms.Build.0 = Debug|Win32
		{2AD01465-855C-4A0D-9828-665986D6782D}.Debug|Win32.ActiveCfg = Debug|Win32
		{2AD01465-855C-4A0D-9828-665986D6782D}.Debug|Win32.Build.0 = Debug|Win32
		{2AD01465-855C-4A0D-9828-665986D6782D}.Debug|x86.ActiveCfg = Debug|Win32
		{2AD01465-855C-4A0D-9828-665986D6782D}.Release|Any CPU.ActiveCfg = Release|Win32
		{2AD01465-855C-4A0D-9828-665986D6782D}.Release|Mixed Platforms.ActiveCfg = Release|Win32
		{2AD01465-855C-4A0D-9828-665986D6782D}.Release|Mixed Platforms.Build.0 = Release|Win32
		{2AD01465-855C-4A0D-9828-665986D6782D}.Release|Win32.ActiveCfg = Release|Win32
		{2AD01465-855C-4A0D-9828-665986D6782D}.Release|Win32.Build.0 = Release|Win32
		{2AD01465-855C-4A0D-9828-665986D6782D}.Release|x86.ActiveCfg = Release|Win32
		{F679174C-D0AB-46BA-9758-7D877D197017}.Debug|Any CPU.ActiveCfg = Debug|x86
		{F679174C-D0AB-46BA-9758-7D877D197017}.Debug|Mixed Platforms.ActiveCfg = Debug|x86
		{F679174C-D0AB-46BA-9758-7D877D197017}.Debug|Mixed Platforms.Build.0 = Debug|x86
		{F679174C-D0AB-46BA-9758-7D877D197017}.Debug|Win32.ActiveCfg = Debug|x86
		{F679174C-D0AB-46BA-9758-7D877D197017}.Debug|x86.ActiveCfg = Debug|x86
		{F679174C-D0AB-46BA-9758-7D877D197017}.Debug|x86.Build.0 = Debug|x86
		{F679174C-D0AB-46BA-9758-7D877D197017}.Release|Any CPU.ActiveCfg = Release|x86
		{F679174C-D0AB-46BA-9758-7D877D197017}.Release|Mixed Platforms.ActiveCfg = Release|x86
		{F679174C-D0AB-46BA-9758-7D877D197017}.Release|Mixed Platforms.Build.0 = Release|x86
		{F679174C-D0AB-46BA-9758-7D877D197017}.Release|Win32.ActiveCfg = Release|x86
		{F679174C-D0AB-46BA-9758-7D877D197017}.Release|x86.ActiveCfg = Release|x86
		{F679174C-D0AB-46BA-9758-7D877D197017}.Release|x86.Build.0 = Release|x86
		{A89A4932-5BCD-4CFD-9C10-63CB836F1155}.Debug|Any CPU.ActiveCfg = Debug|x86
		{A89A4932-5BCD-4CFD-9C10-63CB836F1155}.Debug|Mixed Platforms.ActiveCfg = Debug|x86
		{A89A4932-5BCD-4CFD-9C10-63CB836F1155}.Debug|Mixed Platforms.Build.0 = Debug|x86
		{A89A4932-5BCD-4CFD-9C10-63CB836F1155}.Debug|Win32.ActiveCfg = Debug|x86
		{A89A4932-5BCD-4CFD-9C10-63CB836F1155}.Debug|x86.ActiveCfg = Debug|x86
		{A89A4932-5BCD-4CFD-9C10-63CB836F1155}.Debug|x86.Build.0 = Debug|x86
		{A89A4932-5BCD-4CFD-9C10-63CB836F1155}.Release|Any CPU.ActiveCfg = Release|x86
		{A89A4932-5BCD-4CFD-9C10-63CB836F1155}.Release|Mixed Platforms.ActiveCfg = Release|x86
		{A89A4932-5BCD-4CFD-9C10-63CB836F1155}.Release|Mixed Platforms.Build.0 = Release|x86
		{A89A4932-5BCD-4CFD-9C10-63CB836F1155}.Release|Win32.ActiveCfg = Release|x86
		{A89A4932-5BCD-4CFD-9C10-63CB836F1155}.Release|x86.ActiveCfg = Release|x86
		{A89A4932-5BCD-4CFD-9C10-63CB836F1155}.Release|x86.Build.0 = Release|x86
		{0D2D153F-FDD2-4EA5-B718-93942304BCF6}.Debug|Any CPU.ActiveCfg = Debug|Any CPU
		{0D2D153F-FDD2-4EA5-B718-93942304BCF6}.Debug|Any CPU.Build.0 = Debug|Any CPU
		{0D2D153F-FDD2-4EA5-B718-93942304BCF6}.Debug|Mixed Platforms.ActiveCfg = Debug|Any CPU
		{0D2D153F-FDD2-4EA5-B718-93942304BCF6}.Debug|Mixed Platforms.Build.0 = Debug|Any CPU
		{0D2D153F-FDD2-4EA5-B718-93942304BCF6}.Debug|Win32.ActiveCfg = Debug|Any CPU
		{0D2D153F-FDD2-4EA5-B718-93942304BCF6}.Debug|Win32.Build.0 = Debug|Any CPU
		{0D2D153F-FDD2-4EA5-B718-93942304BCF6}.Debug|x86.ActiveCfg = Debug|Any CPU
		{0D2D153F-FDD2-4EA5-B718-93942304BCF6}.Debug|x86.Build.0 = Debug|Any CPU
		{0D2D153F-FDD2-4EA5-B718-93942304BCF6}.Release|Any CPU.ActiveCfg = Release|Any CPU
		{0D2D153F-FDD2-4EA5-B718-93942304BCF6}.Release|Any CPU.Build.0 = Release|Any CPU
		{0D2D153F-FDD2-4EA5-B718-93942304BCF6}.Release|Mixed Platforms.ActiveCfg = Release|Any CPU
		{0D2D153F-FDD2-4EA5-B718-93942304BCF6}.Release|Mixed Platforms.Build.0 = Release|Any CPU
		{0D2D153F-FDD2-4EA5-B718-93942304BCF6}.Release|Win32.ActiveCfg = Release|Any CPU
		{0D2D153F-FDD2-4EA5-B718-93942304BCF6}.Release|Win32.Build.0 = Release|Any CPU
		{0D2D153F-FDD2-4EA5-B718-93942304BCF6}.Release|x86.ActiveCfg = Release|Any CPU
		{0D2D153F-FDD2-4EA5-B718-93942304BCF6}.Release|x86.Build.0 = Release|Any CPU
	EndGlobalSection
	GlobalSection(SolutionProperties) = preSolution
		HideSolutionNode = FALSE
	EndGlobalSection
	GlobalSection(ExtensibilityGlobals) = postSolution
		SolutionGuid = {9814B321-791C-4FBE-B33C-70EFC9D73CEB}
	EndGlobalSection
EndGlobal
